{
  "name": "music-player-common",
  "version": "1.0.0",
  "lockfileVersion": 1,
  "requires": true,
  "dependencies": {
    "amplitudejs": {
      "version": "5.3.2",
      "resolved": "https://registry.npmjs.org/amplitudejs/-/amplitudejs-5.3.2.tgz",
      "integrity": "sha512-aRZqYMzRuZQ0Ua3ZtK5CTECE958meBfwzXZcx2Hn1itu2KwIB8giwsAPW52um0teewYBXZ5aTzy/wxy3E34e0g=="
    },
    "spotify-web-api-js": {
      "version": "1.5.1",
      "resolved": "https://registry.npmjs.org/spotify-web-api-js/-/spotify-web-api-js-1.5.1.tgz",
      "integrity": "sha512-KyeYpfPY5bWc5geb0Lmw96oqydxrby36vkmN33q4xrY7oWwoz3634Ya7qHndq2eOqCfI1GS3a5CjimYe7RQdtg=="
    }
  }
}
